// !$*UTF8*$!
{
	archiveVersion = 1;
	classes = {
	};
	objectVersion = 45;
	objects = {

/* Begin PBXBuildFile section */
		1D3623260D0F684500981E51 /* FlickTabControlDemoAppDelegate.m in Sources */ = {isa = PBXBuildFile; fileRef = 1D3623250D0F684500981E51 /* FlickTabControlDemoAppDelegate.m */; };
		1D60589B0D05DD56006BFB54 /* main.m in Sources */ = {isa = PBXBuildFile; fileRef = 29B97316FDCFA39411CA2CEA /* main.m */; };
		1D60589F0D05DD5A006BFB54 /* Foundation.framework in Frameworks */ = {isa = PBXBuildFile; fileRef = 1D30AB110D05D00D00671497 /* Foundation.framework */; };
		1DF5F4E00D08C38300B7A737 /* UIKit.framework in Frameworks */ = {isa = PBXBuildFile; fileRef = 1DF5F4DF0D08C38300B7A737 /* UIKit.framework */; };
		2892E4100DC94CBA00A64D0F /* CoreGraphics.framework in Frameworks */ = {isa = PBXBuildFile; fileRef = 2892E40F0DC94CBA00A64D0F /* CoreGraphics.framework */; };
		28AD73600D9D9599002E5188 /* MainWindow.xib in Resources */ = {isa = PBXBuildFile; fileRef = 28AD735F0D9D9599002E5188 /* MainWindow.xib */; };
		28C286E10D94DF7D0034E888 /* RootViewController.m in Sources */ = {isa = PBXBuildFile; fileRef = 28C286E00D94DF7D0034E888 /* RootViewController.m */; };
		28D4FCF40F432210007E5B49 /* FlickTabButton.m in Sources */ = {isa = PBXBuildFile; fileRef = 28D4FCE90F432210007E5B49 /* FlickTabButton.m */; };
		28D4FCF50F432210007E5B49 /* FlickTableViewController.m in Sources */ = {isa = PBXBuildFile; fileRef = 28D4FCEB0F432210007E5B49 /* FlickTableViewController.m */; };
		28D4FCF60F432210007E5B49 /* FlickTabView.m in Sources */ = {isa = PBXBuildFile; fileRef = 28D4FCED0F432210007E5B49 /* FlickTabView.m */; };
		28D4FCF70F432210007E5B49 /* flick-fade-lt.png in Resources */ = {isa = PBXBuildFile; fileRef = 28D4FCEF0F432210007E5B49 /* flick-fade-lt.png */; };
		28D4FCF80F432210007E5B49 /* flick-fade-rt.png in Resources */ = {isa = PBXBuildFile; fileRef = 28D4FCF00F432210007E5B49 /* flick-fade-rt.png */; };
		28D4FCF90F432210007E5B49 /* flick-tab-bck.png in Resources */ = {isa = PBXBuildFile; fileRef = 28D4FCF10F432210007E5B49 /* flick-tab-bck.png */; };
		28D4FCFA0F432210007E5B49 /* flick-tab-over.png in Resources */ = {isa = PBXBuildFile; fileRef = 28D4FCF20F432210007E5B49 /* flick-tab-over.png */; };
/* End PBXBuildFile section */

/* Begin PBXFileReference section */
		1D30AB110D05D00D00671497 /* Foundation.framework */ = {isa = PBXFileReference; lastKnownFileType = wrapper.framework; name = Foundation.framework; path = System/Library/Frameworks/Foundation.framework; sourceTree = SDKROOT; };
		1D3623240D0F684500981E51 /* FlickTabControlDemoAppDelegate.h */ = {isa = PBXFileReference; fileEncoding = 4; lastKnownFileType = sourcecode.c.h; path = FlickTabControlDemoAppDelegate.h; sourceTree = "<group>"; };
		1D3623250D0F684500981E51 /* FlickTabControlDemoAppDelegate.m */ = {isa = PBXFileReference; fileEncoding = 4; lastKnownFileType = sourcecode.c.objc; path = FlickTabControlDemoAppDelegate.m; sourceTree = "<group>"; };
		1D6058910D05DD3D006BFB54 /* FlickTabControlDemo.app */ = {isa = PBXFileReference; explicitFileType = wrapper.application; includeInIndex = 0; path = FlickTabControlDemo.app; sourceTree = BUILT_PRODUCTS_DIR; };
		1DF5F4DF0D08C38300B7A737 /* UIKit.framework */ = {isa = PBXFileReference; lastKnownFileType = wrapper.framework; name = UIKit.framework; path = System/Library/Frameworks/UIKit.framework; sourceTree = SDKROOT; };
		2892E40F0DC94CBA00A64D0F /* CoreGraphics.framework */ = {isa = PBXFileReference; lastKnownFileType = wrapper.framework; name = CoreGraphics.framework; path = System/Library/Frameworks/CoreGraphics.framework; sourceTree = SDKROOT; };
		28A0AAE50D9B0CCF005BE974 /* FlickTabControlDemo_Prefix.pch */ = {isa = PBXFileReference; fileEncoding = 4; lastKnownFileType = sourcecode.c.h; path = FlickTabControlDemo_Prefix.pch; sourceTree = "<group>"; };
		28AD735F0D9D9599002E5188 /* MainWindow.xib */ = {isa = PBXFileReference; lastKnownFileType = file.xib; path = MainWindow.xib; sourceTree = "<group>"; };
		28C286DF0D94DF7D0034E888 /* RootViewController.h */ = {isa = PBXFileReference; fileEncoding = 4; lastKnownFileType = sourcecode.c.h; path = RootViewController.h; sourceTree = "<group>"; };
		28C286E00D94DF7D0034E888 /* RootViewController.m */ = {isa = PBXFileReference; fileEncoding = 4; lastKnownFileType = sourcecode.c.objc; path = RootViewController.m; sourceTree = "<group>"; };
		28D4FCE80F432210007E5B49 /* FlickTabButton.h */ = {isa = PBXFileReference; fileEncoding = 4; lastKnownFileType = sourcecode.c.h; path = FlickTabButton.h; sourceTree = "<group>"; };
		28D4FCE90F432210007E5B49 /* FlickTabButton.m */ = {isa = PBXFileReference; fileEncoding = 4; lastKnownFileType = sourcecode.c.objc; path = FlickTabButton.m; sourceTree = "<group>"; };
		28D4FCEA0F432210007E5B49 /* FlickTableViewController.h */ = {isa = PBXFileReference; fileEncoding = 4; lastKnownFileType = sourcecode.c.h; path = FlickTableViewController.h; sourceTree = "<group>"; };
		28D4FCEB0F432210007E5B49 /* FlickTableViewController.m */ = {isa = PBXFileReference; fileEncoding = 4; lastKnownFileType = sourcecode.c.objc; path = FlickTableViewController.m; sourceTree = "<group>"; };
		28D4FCEC0F432210007E5B49 /* FlickTabView.h */ = {isa = PBXFileReference; fileEncoding = 4; lastKnownFileType = sourcecode.c.h; path = FlickTabView.h; sourceTree = "<group>"; };
		28D4FCED0F432210007E5B49 /* FlickTabView.m */ = {isa = PBXFileReference; fileEncoding = 4; lastKnownFileType = sourcecode.c.objc; path = FlickTabView.m; sourceTree = "<group>"; };
		28D4FCEF0F432210007E5B49 /* flick-fade-lt.png */ = {isa = PBXFileReference; lastKnownFileType = image.png; path = "flick-fade-lt.png"; sourceTree = "<group>"; };
		28D4FCF00F432210007E5B49 /* flick-fade-rt.png */ = {isa = PBXFileReference; lastKnownFileType = image.png; path = "flick-fade-rt.png"; sourceTree = "<group>"; };
		28D4FCF10F432210007E5B49 /* flick-tab-bck.png */ = {isa = PBXFileReference; lastKnownFileType = image.png; path = "flick-tab-bck.png"; sourceTree = "<group>"; };
		28D4FCF20F432210007E5B49 /* flick-tab-over.png */ = {isa = PBXFileReference; lastKnownFileType = image.png; path = "flick-tab-over.png"; sourceTree = "<group>"; };
		28D4FCFC0F43221A007E5B49 /* FlickTabControl.h */ = {isa = PBXFileReference; fileEncoding = 4; lastKnownFileType = sourcecode.c.h; path = FlickTabControl.h; sourceTree = "<group>"; };
		29B97316FDCFA39411CA2CEA /* main.m */ = {isa = PBXFileReference; fileEncoding = 4; lastKnownFileType = sourcecode.c.objc; path = main.m; sourceTree = "<group>"; };
		8D1107310486CEB800E47090 /* Info.plist */ = {isa = PBXFileReference; fileEncoding = 4; lastKnownFileType = text.plist.xml; path = Info.plist; sourceTree = "<group>"; };
/* End PBXFileReference section */

/* Begin PBXFrameworksBuildPhase section */
		1D60588F0D05DD3D006BFB54 /* Frameworks */ = {
			isa = PBXFrameworksBuildPhase;
			buildActionMask = 2147483647;
			files = (
				1D60589F0D05DD5A006BFB54 /* Foundation.framework in Frameworks */,
				1DF5F4E00D08C38300B7A737 /* UIKit.framework in Frameworks */,
				2892E4100DC94CBA00A64D0F /* CoreGraphics.framework in Frameworks */,
			);
			runOnlyForDeploymentPostprocessing = 0;
		};
/* End PBXFrameworksBuildPhase section */

/* Begin PBXGroup section */
		080E96DDFE201D6D7F000001 /* Classes */ = {
			isa = PBXGroup;
			children = (
				28C286DF0D94DF7D0034E888 /* RootViewController.h */,
				28C286E00D94DF7D0034E888 /* RootViewController.m */,
				1D3623240D0F684500981E51 /* FlickTabControlDemoAppDelegate.h */,
				1D3623250D0F684500981E51 /* FlickTabControlDemoAppDelegate.m */,
			);
			path = Classes;
			sourceTree = "<group>";
		};
		19C28FACFE9D520D11CA2CBB /* Products */ = {
			isa = PBXGroup;
			children = (
				1D6058910D05DD3D006BFB54 /* FlickTabControlDemo.app */,
			);
			name = Products;
			sourceTree = "<group>";
		};
		28D4FCE40F432210007E5B49 /* FlickTabControl */ = {
			isa = PBXGroup;
			children = (
				28D4FCE50F432210007E5B49 /* Classes */,
				28D4FCEE0F432210007E5B49 /* Resources */,
			);
			name = FlickTabControl;
			path = ../FlickTabControl;
			sourceTree = SOURCE_ROOT;
		};
		28D4FCE50F432210007E5B49 /* Classes */ = {
			isa = PBXGroup;
			children = (
				28D4FDBB0F4328C1007E5B49 /* Public */,
				28D4FDBC0F4328C6007E5B49 /* Private */,
			);
			path = Classes;
			sourceTree = "<group>";
		};
		28D4FCEE0F432210007E5B49 /* Resources */ = {
			isa = PBXGroup;
			children = (
				28D4FCEF0F432210007E5B49 /* flick-fade-lt.png */,
				28D4FCF00F432210007E5B49 /* flick-fade-rt.png */,
				28D4FCF10F432210007E5B49 /* flick-tab-bck.png */,
				28D4FCF20F432210007E5B49 /* flick-tab-over.png */,
			);
			path = Resources;
			sourceTree = "<group>";
		};
		28D4FDBB0F4328C1007E5B49 /* Public */ = {
			isa = PBXGroup;
			children = (
				28D4FCFC0F43221A007E5B49 /* FlickTabControl.h */,
				28D4FCEA0F432210007E5B49 /* FlickTableViewController.h */,
				28D4FCEB0F432210007E5B49 /* FlickTableViewController.m */,
				28D4FCEC0F432210007E5B49 /* FlickTabView.h */,
				28D4FCED0F432210007E5B49 /* FlickTabView.m */,
			);
			name = Public;
			sourceTree = "<group>";
		};
		28D4FDBC0F4328C6007E5B49 /* Private */ = {
			isa = PBXGroup;
			children = (
				28D4FCE80F432210007E5B49 /* FlickTabButton.h */,
				28D4FCE90F432210007E5B49 /* FlickTabButton.m */,
			);
			name = Private;
			sourceTree = "<group>";
		};
		29B97314FDCFA39411CA2CEA /* CustomTemplate */ = {
			isa = PBXGroup;
			children = (
				080E96DDFE201D6D7F000001 /* Classes */,
				29B97315FDCFA39411CA2CEA /* Other Sources */,
				29B97317FDCFA39411CA2CEA /* Resources */,
				29B97323FDCFA39411CA2CEA /* Frameworks */,
				19C28FACFE9D520D11CA2CBB /* Products */,
			);
			name = CustomTemplate;
			sourceTree = "<group>";
		};
		29B97315FDCFA39411CA2CEA /* Other Sources */ = {
			isa = PBXGroup;
			children = (
				28A0AAE50D9B0CCF005BE974 /* FlickTabControlDemo_Prefix.pch */,
				29B97316FDCFA39411CA2CEA /* main.m */,
			);
			name = "Other Sources";
			sourceTree = "<group>";
		};
		29B97317FDCFA39411CA2CEA /* Resources */ = {
			isa = PBXGroup;
			children = (
				28AD735F0D9D9599002E5188 /* MainWindow.xib */,
				8D1107310486CEB800E47090 /* Info.plist */,
			);
			name = Resources;
			sourceTree = "<group>";
		};
		29B97323FDCFA39411CA2CEA /* Frameworks */ = {
			isa = PBXGroup;
			children = (
				28D4FCE40F432210007E5B49 /* FlickTabControl */,
				1DF5F4DF0D08C38300B7A737 /* UIKit.framework */,
				1D30AB110D05D00D00671497 /* Foundation.framework */,
				2892E40F0DC94CBA00A64D0F /* CoreGraphics.framework */,
			);
			name = Frameworks;
			sourceTree = "<group>";
		};
/* End PBXGroup section */

/* Begin PBXNativeTarget section */
		1D6058900D05DD3D006BFB54 /* FlickTabControlDemo */ = {
			isa = PBXNativeTarget;
			buildConfigurationList = 1D6058960D05DD3E006BFB54 /* Build configuration list for PBXNativeTarget "FlickTabControlDemo" */;
			buildPhases = (
				1D60588D0D05DD3D006BFB54 /* Resources */,
				1D60588E0D05DD3D006BFB54 /* Sources */,
				1D60588F0D05DD3D006BFB54 /* Frameworks */,
			);
			buildRules = (
			);
			dependencies = (
			);
			name = FlickTabControlDemo;
			productName = FlickTabControlDemo;
			productReference = 1D6058910D05DD3D006BFB54 /* FlickTabControlDemo.app */;
			productType = "com.apple.product-type.application";
		};
/* End PBXNativeTarget section */

/* Begin PBXProject section */
		29B97313FDCFA39411CA2CEA /* Project object */ = {
			isa = PBXProject;
			buildConfigurationList = C01FCF4E08A954540054247B /* Build configuration list for PBXProject "FlickTabControlDemo" */;
			compatibilityVersion = "Xcode 3.1";
			hasScannedForEncodings = 1;
			knownRegions = (
				English,
				Japanese,
				French,
				German,
				en,
			);
			mainGroup = 29B97314FDCFA39411CA2CEA /* CustomTemplate */;
			projectDirPath = "";
			projectRoot = "";
			targets = (
				1D6058900D05DD3D006BFB54 /* FlickTabControlDemo */,
			);
		};
/* End PBXProject section */

/* Begin PBXResourcesBuildPhase section */
		1D60588D0D05DD3D006BFB54 /* Resources */ = {
			isa = PBXResourcesBuildPhase;
			buildActionMask = 2147483647;
			files = (
				28AD73600D9D9599002E5188 /* MainWindow.xib in Resources */,
				28D4FCF70F432210007E5B49 /* flick-fade-lt.png in Resources */,
				28D4FCF80F432210007E5B49 /* flick-fade-rt.png in Resources */,
				28D4FCF90F432210007E5B49 /* flick-tab-bck.png in Resources */,
				28D4FCFA0F432210007E5B49 /* flick-tab-over.png in Resources */,
			);
			runOnlyForDeploymentPostprocessing = 0;
		};
/* End PBXResourcesBuildPhase section */

/* Begin PBXSourcesBuildPhase section */
		1D60588E0D05DD3D006BFB54 /* Sources */ = {
			isa = PBXSourcesBuildPhase;
			buildActionMask = 2147483647;
			files = (
				1D60589B0D05DD56006BFB54 /* main.m in Sources */,
				1D3623260D0F684500981E51 /* FlickTabControlDemoAppDelegate.m in Sources */,
				28C286E10D94DF7D0034E888 /* RootViewController.m in Sources */,
				28D4FCF40F432210007E5B49 /* FlickTabButton.m in Sources */,
				28D4FCF50F432210007E5B49 /* FlickTableViewController.m in Sources */,
				28D4FCF60F432210007E5B49 /* FlickTabView.m in Sources */,
			);
			runOnlyForDeploymentPostprocessing = 0;
		};
/* End PBXSourcesBuildPhase section */

/* Begin XCBuildConfiguration section */
		1D6058940D05DD3E006BFB54 /* Debug */ = {
			isa = XCBuildConfiguration;
			buildSettings = {
				ALWAYS_SEARCH_USER_PATHS = NO;
				COPY_PHASE_STRIP = NO;
				GCC_DYNAMIC_NO_PIC = NO;
				GCC_OPTIMIZATION_LEVEL = 0;
				GCC_PRECOMPILE_PREFIX_HEADER = YES;
				GCC_PREFIX_HEADER = FlickTabControlDemo_Prefix.pch;
				INFOPLIST_FILE = Info.plist;
				PRODUCT_NAME = FlickTabControlDemo;
			};
			name = Debug;
		};
		1D6058950D05DD3E006BFB54 /* Release */ = {
			isa = XCBuildConfiguration;
			buildSettings = {
				ALWAYS_SEARCH_USER_PATHS = NO;
				COPY_PHASE_STRIP = YES;
				GCC_PRECOMPILE_PREFIX_HEADER = YES;
				GCC_PREFIX_HEADER = FlickTabControlDemo_Prefix.pch;
				INFOPLIST_FILE = Info.plist;
				PRODUCT_NAME = FlickTabControlDemo;
			};
			name = Release;
		};
		C01FCF4F08A954540054247B /* Debug */ = {
			isa = XCBuildConfiguration;
			buildSettings = {
				ARCHS = "$(ARCHS_STANDARD_32_BIT)";
				"CODE_SIGN_IDENTITY[sdk=iphoneos*]" = "iPhone Developer";
				GCC_C_LANGUAGE_STANDARD = c99;
				GCC_WARN_ABOUT_RETURN_TYPE = YES;
				GCC_WARN_UNUSED_VARIABLE = YES;
				ONLY_ACTIVE_ARCH = YES;
				PREBINDING = NO;
				SDKROOT = iphoneos2.2;
			};
			name = Debug;
		};
		C01FCF5008A954540054247B /* Release */ = {
			isa = XCBuildConfiguration;
			buildSettings = {
				ARCHS = "$(ARCHS_STANDARD_32_BIT)";
				"CODE_SIGN_IDENTITY[sdk=iphoneos*]" = "iPhone Developer";
				GCC_C_LANGUAGE_STANDARD = c99;
				GCC_WARN_ABOUT_RETURN_TYPE = YES;
				GCC_WARN_UNUSED_VARIABLE = YES;
				PREBINDING = NO;
				SDKROOT = iphoneos2.2;
			};
			name = Release;
		};
/* End XCBuildConfiguration section */

/* Begin XCConfigurationList section */
		1D6058960D05DD3E006BFB54 /* Build configuration list for PBXNativeTarget "FlickTabControlDemo" */ = {
			isa = XCConfigurationList;
			buildConfigurations = (
				1D6058940D05DD3E006BFB54 /* Debug */,
				1D6058950D05DD3E006BFB54 /* Release */,
			);
			defaultConfigurationIsVisible = 0;
			defaultConfigurationName = Release;
		};
		C01FCF4E08A954540054247B /* Build configuration list for PBXProject "FlickTabControlDemo" */ = {
			isa = XCConfigurationList;
			buildConfigurations = (
				C01FCF4F08A954540054247B /* Debug */,
				C01FCF5008A954540054247B /* Release */,
			);
			defaultConfigurationIsVisible = 0;
			defaultConfigurationName = Release;
		};
/* End XCConfigurationList section */
	};
	rootObject = 29B97313FDCFA39411CA2CEA /* Project object */;
}
